
Microsoft Visual Studio Solution File, Format Version 11.00
# Visual Studio 2010
Project("{FAE04EC0-301F-11D3-BF4B-00C04F79EFBC}") = "Assembly-CSharp", "Assembly-CSharp.csproj", "{fc0da1ac-7d70-ba74-d928-b5d787c6f0bf}"
EndProject
Project("{FAE04EC0-301F-11D3-BF4B-00C04F79EFBC}") = "Assembly-CSharp-Editor", "Assembly-CSharp-Editor.csproj", "{0bec3c95-c123-0d68-946d-05220a5b4f67}"
EndProject
Global
	GlobalSection(SolutionConfigurationPlatforms) = preSolution
		Debug|Any CPU = Debug|Any CPU
	EndGlobalSection
	GlobalSection(ProjectConfigurationPlatforms) = postSolution
		{fc0da1ac-7d70-ba74-d928-b5d787c6f0bf}.Debug|Any CPU.ActiveCfg = Debug|Any CPU
		{fc0da1ac-7d70-ba74-d928-b5d787c6f0bf}.Debug|Any CPU.Build.0 = Debug|Any CPU
		{0bec3c95-c123-0d68-946d-05220a5b4f67}.Debug|Any CPU.ActiveCfg = Debug|Any CPU
		{0bec3c95-c123-0d68-946d-05220a5b4f67}.Debug|Any CPU.Build.0 = Debug|Any CPU
	EndGlobalSection
	GlobalSection(SolutionProperties) = preSolution
		HideSolutionNode = FALSE
	EndGlobalSection
EndGlobal
